
Microsoft Visual Studio Solution File, Format Version 12.00
# Visual Studio Version 17
VisualStudioVersion = 17.0.32014.148
MinimumVisualStudioVersion = 10.0.40219.1
Project("{9A19103F-16F7-4668-BE54-9A1E7A4F7556}") = "MagicKitchen", "magickitchen\MagicKitchen.csproj", "{E293AF4B-7A9E-4613-9E08-71953D445477}"
EndProject
Project("{9A19103F-16F7-4668-BE54-9A1E7A4F7556}") = "DataModels", "DataModels\DataModels.csproj", "{75DA2E21-D041-4F4A-B10D-B19926C71C6B}"
EndProject
Project("{9A19103F-16F7-4668-BE54-9A1E7A4F7556}") = "Globals", "Globals\Globals.csproj", "{C582D819-0A8D-4BB6-AB6C-06F388328F07}"
EndProject
Project("{9A19103F-16F7-4668-BE54-9A1E7A4F7556}") = "InputEngine", "InputEngine\InputEngine.csproj", "{CD3D218D-8E5C-41CC-B869-F8B77B0FE66D}"
EndProject
Project("{9A19103F-16F7-4668-BE54-9A1E7A4F7556}") = "SpriteEngine", "SpriteEngine\SpriteEngine.csproj", "{3A6F5AF7-9C3B-4905-9C2F-50A9D4929AFE}"
EndProject
Project("{9A19103F-16F7-4668-BE54-9A1E7A4F7556}") = "IOEngine", "IOEngine\IOEngine.csproj", "{E85A3E83-EB58-49B1-9BCD-F5E6DC50F77B}"
EndProject
Project("{9A19103F-16F7-4668-BE54-9A1E7A4F7556}") = "PhysicsEngine", "PhysicsEngine\PhysicsEngine.csproj", "{546F7501-6D85-4BC1-B7C8-6E151008F285}"
EndProject
Project("{9A19103F-16F7-4668-BE54-9A1E7A4F7556}") = "StageEngine", "StageEngine\StageEngine.csproj", "{10FD66FC-72A0-45F1-B7B5-ABE00F407983}"
EndProject
Project("{9A19103F-16F7-4668-BE54-9A1E7A4F7556}") = "SoundEngine", "SoundEngine\SoundEngine.csproj", "{3F51AA8E-F3BC-4E2C-92FF-06024767F8F2}"
EndProject
Project("{9A19103F-16F7-4668-BE54-9A1E7A4F7556}") = "TextEngine", "TextEngine\TextEngine.csproj", "{1316FCBA-1E38-40D9-9850-10C5222BAFBE}"
EndProject
Project("{9A19103F-16F7-4668-BE54-9A1E7A4F7556}") = "TiledEngine", "TiledEngine\TiledEngine.csproj", "{2F344169-FFAC-418A-A433-E7D5F73B56E5}"
EndProject
Project("{9A19103F-16F7-4668-BE54-9A1E7A4F7556}") = "ItemEngine", "ItemEngine\ItemEngine.csproj", "{8BCD2EE0-EF63-4453-9BF5-8F34CF6ED1B4}"
EndProject
Project("{9A19103F-16F7-4668-BE54-9A1E7A4F7556}") = "UIEngine", "UIEngine\UIEngine.csproj", "{2C0FE0E6-7A58-4AE5-800E-B17731EF9FF6}"
EndProject
Project("{9A19103F-16F7-4668-BE54-9A1E7A4F7556}") = "EntityEngine", "EntityEngine\EntityEngine.csproj", "{170DFD7B-ABAD-4A6C-8726-90D7ADF78784}"
EndProject
Project("{9A19103F-16F7-4668-BE54-9A1E7A4F7556}") = "_Android_", "_Android_\_Android_.csproj", "{65A1FC37-A944-48BB-BC1E-980AACF3358F}"
EndProject
Global
	GlobalSection(SolutionConfigurationPlatforms) = preSolution
		Debug|Any CPU = Debug|Any CPU
		Release|Any CPU = Release|Any CPU
	EndGlobalSection
	GlobalSection(ProjectConfigurationPlatforms) = postSolution
		{E293AF4B-7A9E-4613-9E08-71953D445477}.Debug|Any CPU.ActiveCfg = Debug|Any CPU
		{E293AF4B-7A9E-4613-9E08-71953D445477}.Debug|Any CPU.Build.0 = Debug|Any CPU
		{E293AF4B-7A9E-4613-9E08-71953D445477}.Release|Any CPU.ActiveCfg = Release|Any CPU
		{E293AF4B-7A9E-4613-9E08-71953D445477}.Release|Any CPU.Build.0 = Release|Any CPU
		{75DA2E21-D041-4F4A-B10D-B19926C71C6B}.Debug|Any CPU.ActiveCfg = Debug|Any CPU
		{75DA2E21-D041-4F4A-B10D-B19926C71C6B}.Debug|Any CPU.Build.0 = Debug|Any CPU
		{75DA2E21-D041-4F4A-B10D-B19926C71C6B}.Release|Any CPU.ActiveCfg = Release|Any CPU
		{75DA2E21-D041-4F4A-B10D-B19926C71C6B}.Release|Any CPU.Build.0 = Release|Any CPU
		{C582D819-0A8D-4BB6-AB6C-06F388328F07}.Debug|Any CPU.ActiveCfg = Debug|Any CPU
		{C582D819-0A8D-4BB6-AB6C-06F388328F07}.Debug|Any CPU.Build.0 = Debug|Any CPU
		{C582D819-0A8D-4BB6-AB6C-06F388328F07}.Release|Any CPU.ActiveCfg = Release|Any CPU
		{C582D819-0A8D-4BB6-AB6C-06F388328F07}.Release|Any CPU.Build.0 = Release|Any CPU
		{CD3D218D-8E5C-41CC-B869-F8B77B0FE66D}.Debug|Any CPU.ActiveCfg = Debug|Any CPU
		{CD3D218D-8E5C-41CC-B869-F8B77B0FE66D}.Debug|Any CPU.Build.0 = Debug|Any CPU
		{CD3D218D-8E5C-41CC-B869-F8B77B0FE66D}.Release|Any CPU.ActiveCfg = Release|Any CPU
		{CD3D218D-8E5C-41CC-B869-F8B77B0FE66D}.Release|Any CPU.Build.0 = Release|Any CPU
		{3A6F5AF7-9C3B-4905-9C2F-50A9D4929AFE}.Debug|Any CPU.ActiveCfg = Debug|Any CPU
		{3A6F5AF7-9C3B-4905-9C2F-50A9D4929AFE}.Debug|Any CPU.Build.0 = Debug|Any CPU
		{3A6F5AF7-9C3B-4905-9C2F-50A9D4929AFE}.Release|Any CPU.ActiveCfg = Release|Any CPU
		{3A6F5AF7-9C3B-4905-9C2F-50A9D4929AFE}.Release|Any CPU.Build.0 = Release|Any CPU
		{E85A3E83-EB58-49B1-9BCD-F5E6DC50F77B}.Debug|Any CPU.ActiveCfg = Debug|Any CPU
		{E85A3E83-EB58-49B1-9BCD-F5E6DC50F77B}.Debug|Any CPU.Build.0 = Debug|Any CPU
		{E85A3E83-EB58-49B1-9BCD-F5E6DC50F77B}.Release|Any CPU.ActiveCfg = Release|Any CPU
		{E85A3E83-EB58-49B1-9BCD-F5E6DC50F77B}.Release|Any CPU.Build.0 = Release|Any CPU
		{546F7501-6D85-4BC1-B7C8-6E151008F285}.Debug|Any CPU.ActiveCfg = Debug|Any CPU
		{546F7501-6D85-4BC1-B7C8-6E151008F285}.Debug|Any CPU.Build.0 = Debug|Any CPU
		{546F7501-6D85-4BC1-B7C8-6E151008F285}.Release|Any CPU.ActiveCfg = Release|Any CPU
		{546F7501-6D85-4BC1-B7C8-6E151008F285}.Release|Any CPU.Build.0 = Release|Any CPU
		{10FD66FC-72A0-45F1-B7B5-ABE00F407983}.Debug|Any CPU.ActiveCfg = Debug|Any CPU
		{10FD66FC-72A0-45F1-B7B5-ABE00F407983}.Debug|Any CPU.Build.0 = Debug|Any CPU
		{10FD66FC-72A0-45F1-B7B5-ABE00F407983}.Release|Any CPU.ActiveCfg = Release|Any CPU
		{10FD66FC-72A0-45F1-B7B5-ABE00F407983}.Release|Any CPU.Build.0 = Release|Any CPU
		{3F51AA8E-F3BC-4E2C-92FF-06024767F8F2}.Debug|Any CPU.ActiveCfg = Debug|Any CPU
		{3F51AA8E-F3BC-4E2C-92FF-06024767F8F2}.Debug|Any CPU.Build.0 = Debug|Any CPU
		{3F51AA8E-F3BC-4E2C-92FF-06024767F8F2}.Release|Any CPU.ActiveCfg = Release|Any CPU
		{3F51AA8E-F3BC-4E2C-92FF-06024767F8F2}.Release|Any CPU.Build.0 = Release|Any CPU
		{1316FCBA-1E38-40D9-9850-10C5222BAFBE}.Debug|Any CPU.ActiveCfg = Debug|Any CPU
		{1316FCBA-1E38-40D9-9850-10C5222BAFBE}.Debug|Any CPU.Build.0 = Debug|Any CPU
		{1316FCBA-1E38-40D9-9850-10C5222BAFBE}.Release|Any CPU.ActiveCfg = Release|Any CPU
		{1316FCBA-1E38-40D9-9850-10C5222BAFBE}.Release|Any CPU.Build.0 = Release|Any CPU
		{2F344169-FFAC-418A-A433-E7D5F73B56E5}.Debug|Any CPU.ActiveCfg = Debug|Any CPU
		{2F344169-FFAC-418A-A433-E7D5F73B56E5}.Debug|Any CPU.Build.0 = Debug|Any CPU
		{2F344169-FFAC-418A-A433-E7D5F73B56E5}.Release|Any CPU.ActiveCfg = Release|Any CPU
		{2F344169-FFAC-418A-A433-E7D5F73B56E5}.Release|Any CPU.Build.0 = Release|Any CPU
		{8BCD2EE0-EF63-4453-9BF5-8F34CF6ED1B4}.Debug|Any CPU.ActiveCfg = Debug|Any CPU
		{8BCD2EE0-EF63-4453-9BF5-8F34CF6ED1B4}.Debug|Any CPU.Build.0 = Debug|Any CPU
		{8BCD2EE0-EF63-4453-9BF5-8F34CF6ED1B4}.Release|Any CPU.ActiveCfg = Release|Any CPU
		{8BCD2EE0-EF63-4453-9BF5-8F34CF6ED1B4}.Release|Any CPU.Build.0 = Release|Any CPU
		{2C0FE0E6-7A58-4AE5-800E-B17731EF9FF6}.Debug|Any CPU.ActiveCfg = Debug|Any CPU
		{2C0FE0E6-7A58-4AE5-800E-B17731EF9FF6}.Debug|Any CPU.Build.0 = Debug|Any CPU
		{2C0FE0E6-7A58-4AE5-800E-B17731EF9FF6}.Release|Any CPU.ActiveCfg = Release|Any CPU
		{2C0FE0E6-7A58-4AE5-800E-B17731EF9FF6}.Release|Any CPU.Build.0 = Release|Any CPU
		{170DFD7B-ABAD-4A6C-8726-90D7ADF78784}.Debug|Any CPU.ActiveCfg = Debug|Any CPU
		{170DFD7B-ABAD-4A6C-8726-90D7ADF78784}.Debug|Any CPU.Build.0 = Debug|Any CPU
		{170DFD7B-ABAD-4A6C-8726-90D7ADF78784}.Release|Any CPU.ActiveCfg = Release|Any CPU
		{170DFD7B-ABAD-4A6C-8726-90D7ADF78784}.Release|Any CPU.Build.0 = Release|Any CPU
		{65A1FC37-A944-48BB-BC1E-980AACF3358F}.Debug|Any CPU.ActiveCfg = Debug|Any CPU
		{65A1FC37-A944-48BB-BC1E-980AACF3358F}.Debug|Any CPU.Build.0 = Debug|Any CPU
		{65A1FC37-A944-48BB-BC1E-980AACF3358F}.Debug|Any CPU.Deploy.0 = Debug|Any CPU
		{65A1FC37-A944-48BB-BC1E-980AACF3358F}.Release|Any CPU.ActiveCfg = Release|Any CPU
		{65A1FC37-A944-48BB-BC1E-980AACF3358F}.Release|Any CPU.Build.0 = Release|Any CPU
		{65A1FC37-A944-48BB-BC1E-980AACF3358F}.Release|Any CPU.Deploy.0 = Release|Any CPU
	EndGlobalSection
	GlobalSection(SolutionProperties) = preSolution
		HideSolutionNode = FALSE
	EndGlobalSection
	GlobalSection(ExtensibilityGlobals) = postSolution
		SolutionGuid = {A027148B-1302-42CE-8E09-A89478BD1563}
	EndGlobalSection
EndGlobal
